
Microsoft Visual Studio Solution File, Format Version 12.00
# Visual Studio Version 17
VisualStudioVersion = 17.5.002.0
MinimumVisualStudioVersion = 10.0.40219.1
Project("{9A19103F-16F7-4668-BE54-9A1E7A4F7556}") = "ContactFormApi", "ContactFormApi.csproj", "{3FAE5C24-D59C-432C-99E0-7BFED6730C6B}"
EndProject
Global
	GlobalSection(SolutionConfigurationPlatforms) = preSolution
		Debug|Any CPU = Debug|Any CPU
		Release|Any CPU = Release|Any CPU
	EndGlobalSection
	GlobalSection(ProjectConfigurationPlatforms) = postSolution
		{3FAE5C24-D59C-432C-99E0-7BFED6730C6B}.Debug|Any CPU.ActiveCfg = Debug|Any CPU
		{3FAE5C24-D59C-432C-99E0-7BFED6730C6B}.Debug|Any CPU.Build.0 = Debug|Any CPU
		{3FAE5C24-D59C-432C-99E0-7BFED6730C6B}.Release|Any CPU.ActiveCfg = Release|Any CPU
		{3FAE5C24-D59C-432C-99E0-7BFED6730C6B}.Release|Any CPU.Build.0 = Release|Any CPU
	EndGlobalSection
	GlobalSection(SolutionProperties) = preSolution
		HideSolutionNode = FALSE
	EndGlobalSection
	GlobalSection(ExtensibilityGlobals) = postSolution
		SolutionGuid = {AC0E6241-4974-477F-AD96-52793B6928F4}
	EndGlobalSection
EndGlobal
